
Microsoft Visual Studio Solution File, Format Version 12.00
# Visual Studio 15
VisualStudioVersion = 15.0.26124.0
MinimumVisualStudioVersion = 15.0.26124.0
Project("{2150E333-8FDC-42A3-9474-1A3956D46DE8}") = "StrategyPattern", "StrategyPattern", "{1FC32077-C1C2-47BE-85DF-ADE7C1F7222F}"
EndProject
Project("{FAE04EC0-301F-11D3-BF4B-00C04F79EFBC}") = "DesignPatterns.StrategyPattern", "StrategyPattern\DesignPatterns.StrategyPattern\DesignPatterns.StrategyPattern.csproj", "{D303FD21-DD40-4FDB-8272-DC299848FA57}"
EndProject
Project("{FAE04EC0-301F-11D3-BF4B-00C04F79EFBC}") = "DesignPatterns.StrategyPattern.App", "StrategyPattern\DesignPatterns.StrategyPattern.App\DesignPatterns.StrategyPattern.App.csproj", "{7ECBC175-C93A-41A3-BE0D-79ED72AD8BD2}"
EndProject
Global
	GlobalSection(SolutionConfigurationPlatforms) = preSolution
		Debug|Any CPU = Debug|Any CPU
		Debug|x64 = Debug|x64
		Debug|x86 = Debug|x86
		Release|Any CPU = Release|Any CPU
		Release|x64 = Release|x64
		Release|x86 = Release|x86
	EndGlobalSection
	GlobalSection(SolutionProperties) = preSolution
		HideSolutionNode = FALSE
	EndGlobalSection
	GlobalSection(ProjectConfigurationPlatforms) = postSolution
		{D303FD21-DD40-4FDB-8272-DC299848FA57}.Debug|Any CPU.ActiveCfg = Debug|Any CPU
		{D303FD21-DD40-4FDB-8272-DC299848FA57}.Debug|Any CPU.Build.0 = Debug|Any CPU
		{D303FD21-DD40-4FDB-8272-DC299848FA57}.Debug|x64.ActiveCfg = Debug|Any CPU
		{D303FD21-DD40-4FDB-8272-DC299848FA57}.Debug|x64.Build.0 = Debug|Any CPU
		{D303FD21-DD40-4FDB-8272-DC299848FA57}.Debug|x86.ActiveCfg = Debug|Any CPU
		{D303FD21-DD40-4FDB-8272-DC299848FA57}.Debug|x86.Build.0 = Debug|Any CPU
		{D303FD21-DD40-4FDB-8272-DC299848FA57}.Release|Any CPU.ActiveCfg = Release|Any CPU
		{D303FD21-DD40-4FDB-8272-DC299848FA57}.Release|Any CPU.Build.0 = Release|Any CPU
		{D303FD21-DD40-4FDB-8272-DC299848FA57}.Release|x64.ActiveCfg = Release|Any CPU
		{D303FD21-DD40-4FDB-8272-DC299848FA57}.Release|x64.Build.0 = Release|Any CPU
		{D303FD21-DD40-4FDB-8272-DC299848FA57}.Release|x86.ActiveCfg = Release|Any CPU
		{D303FD21-DD40-4FDB-8272-DC299848FA57}.Release|x86.Build.0 = Release|Any CPU
		{7ECBC175-C93A-41A3-BE0D-79ED72AD8BD2}.Debug|Any CPU.ActiveCfg = Debug|Any CPU
		{7ECBC175-C93A-41A3-BE0D-79ED72AD8BD2}.Debug|Any CPU.Build.0 = Debug|Any CPU
		{7ECBC175-C93A-41A3-BE0D-79ED72AD8BD2}.Debug|x64.ActiveCfg = Debug|Any CPU
		{7ECBC175-C93A-41A3-BE0D-79ED72AD8BD2}.Debug|x64.Build.0 = Debug|Any CPU
		{7ECBC175-C93A-41A3-BE0D-79ED72AD8BD2}.Debug|x86.ActiveCfg = Debug|Any CPU
		{7ECBC175-C93A-41A3-BE0D-79ED72AD8BD2}.Debug|x86.Build.0 = Debug|Any CPU
		{7ECBC175-C93A-41A3-BE0D-79ED72AD8BD2}.Release|Any CPU.ActiveCfg = Release|Any CPU
		{7ECBC175-C93A-41A3-BE0D-79ED72AD8BD2}.Release|Any CPU.Build.0 = Release|Any CPU
		{7ECBC175-C93A-41A3-BE0D-79ED72AD8BD2}.Release|x64.ActiveCfg = Release|Any CPU
		{7ECBC175-C93A-41A3-BE0D-79ED72AD8BD2}.Release|x64.Build.0 = Release|Any CPU
		{7ECBC175-C93A-41A3-BE0D-79ED72AD8BD2}.Release|x86.ActiveCfg = Release|Any CPU
		{7ECBC175-C93A-41A3-BE0D-79ED72AD8BD2}.Release|x86.Build.0 = Release|Any CPU
	EndGlobalSection
	GlobalSection(NestedProjects) = preSolution
		{D303FD21-DD40-4FDB-8272-DC299848FA57} = {1FC32077-C1C2-47BE-85DF-ADE7C1F7222F}
		{7ECBC175-C93A-41A3-BE0D-79ED72AD8BD2} = {1FC32077-C1C2-47BE-85DF-ADE7C1F7222F}
	EndGlobalSection
EndGlobal
